# This file is automatically @generated by Cargo.
# It is not intended for manual editing.
version = 4

[[package]]
name = "conjet-cargo-build-benchmark"
version = "0.1.0"
dependencies = [
 "conjet_floatfmt",
 "conjet_intfmt",
]

[[package]]
name = "conjet_floatfmt"
version = "0.1.0"

[[package]]
name = "conjet_intfmt"
version = "0.1.0"
